
Microsoft Visual Studio Solution File, Format Version 12.00
# Visual Studio 2013
VisualStudioVersion = 12.0.31101.0
MinimumVisualStudioVersion = 10.0.40219.1
Project("{FAE04EC0-301F-11D3-BF4B-00C04F79EFBC}") = "MagicEngine", "MagicEngine\MagicEngine.csproj", "{31B52885-51DF-4E5D-9B20-3458B86008A5}"
EndProject
Project("{FAE04EC0-301F-11D3-BF4B-00C04F79EFBC}") = "Test", "Test\Test.csproj", "{89AC3105-CCC9-47FA-B187-9825BC285043}"
EndProject
Global
	GlobalSection(SolutionConfigurationPlatforms) = preSolution
		Debug|Any CPU = Debug|Any CPU
		Release|Any CPU = Release|Any CPU
	EndGlobalSection
	GlobalSection(ProjectConfigurationPlatforms) = postSolution
		{31B52885-51DF-4E5D-9B20-3458B86008A5}.Debug|Any CPU.ActiveCfg = Debug|Any CPU
		{31B52885-51DF-4E5D-9B20-3458B86008A5}.Debug|Any CPU.Build.0 = Debug|Any CPU
		{31B52885-51DF-4E5D-9B20-3458B86008A5}.Release|Any CPU.ActiveCfg = Release|Any CPU
		{31B52885-51DF-4E5D-9B20-3458B86008A5}.Release|Any CPU.Build.0 = Release|Any CPU
		{89AC3105-CCC9-47FA-B187-9825BC285043}.Debug|Any CPU.ActiveCfg = Debug|Any CPU
		{89AC3105-CCC9-47FA-B187-9825BC285043}.Debug|Any CPU.Build.0 = Debug|Any CPU
		{89AC3105-CCC9-47FA-B187-9825BC285043}.Release|Any CPU.ActiveCfg = Release|Any CPU
		{89AC3105-CCC9-47FA-B187-9825BC285043}.Release|Any CPU.Build.0 = Release|Any CPU
	EndGlobalSection
	GlobalSection(SolutionProperties) = preSolution
		HideSolutionNode = FALSE
	EndGlobalSection
EndGlobal
